PODS:
  - ContextMenu (0.4.0)
  - DZNEmptyDataSet (1.8.1)
  - Eureka (4.3.0)
  - FontAwesome.swift (1.4.5)
  - HNScraper (0.2.2)
  - Kingfisher (4.8.1)
  - OpenGraph (1.0.5)
  - PromiseKit (6.5.2):
    - PromiseKit/CorePromise (= 6.5.2)
    - PromiseKit/Foundation (= 6.5.2)
    - PromiseKit/UIKit (= 6.5.2)
  - PromiseKit/CorePromise (6.5.2)
  - PromiseKit/Foundation (6.5.2):
    - PromiseKit/CorePromise
  - PromiseKit/UIKit (6.5.2):
    - PromiseKit/CorePromise
  - Realm (3.11.1):
    - Realm/Headers (= 3.11.1)
  - Realm/Headers (3.11.1)
  - RealmSwift (3.11.1):
    - Realm (= 3.11.1)
  - SkeletonView (1.1.1)

DEPENDENCIES:
  - ContextMenu
  - DZNEmptyDataSet
  - Eureka
  - FontAwesome.swift
  - HNScraper (from `HNScraper`)
  - Kingfisher
  - OpenGraph
  - PromiseKit
  - RealmSwift
  - SkeletonView

SPEC REPOS:
  https://github.com/cocoapods/specs.git:
    - ContextMenu
    - DZNEmptyDataSet
    - Eureka
    - FontAwesome.swift
    - Kingfisher
    - OpenGraph
    - PromiseKit
    - Realm
    - RealmSwift
    - SkeletonView

EXTERNAL SOURCES:
  HNScraper:
    :path: HNScraper

SPEC CHECKSUMS:
  ContextMenu: f835e09a93f1c28c631b76ee94396d9570397fd1
  DZNEmptyDataSet: 9525833b9e68ac21c30253e1d3d7076cc828eaa7
  Eureka: 6d711cb30ca333b4bc893110285a722ae3840114
  FontAwesome.swift: a351dbb86b9fcec9aad6bce2fdd5b95e9a7b8828
  HNScraper: eaa3dec825f7e0826a87ca1c4aa0d05294bf33e5
  Kingfisher: 868c1149679a7ab6869be118faa9b5aed154aaf0
  OpenGraph: f3529e35045abd3b163f455278d4d866c0eb061b
  PromiseKit: 27c1601bfb73405871b805bcb8cf7e55c4dad3db
  Realm: 037c5919b9ceb59d6beed5d3b031096856b119b3
  RealmSwift: c9580133e73ef40ed340401af2dbc9a5790dfea7
  SkeletonView: 041053e904504e7d8db83df166e599be75659fe1

PODFILE CHECKSUM: 7855349ffda7985d9e1e68e6a520a605f0bde1f1

COCOAPODS: 1.6.0.beta.1
