PODS:
  - DZNEmptyDataSet (1.8.1)
  - Eureka (4.3.0)
  - Kingfisher (4.8.1)
  - libHN (4.1.0)
  - OpenGraph (1.0.5)
  - PromiseKit (6.5.2):
    - PromiseKit/CorePromise (= 6.5.2)
    - PromiseKit/Foundation (= 6.5.2)
    - PromiseKit/UIKit (= 6.5.2)
  - PromiseKit/CorePromise (6.5.2)
  - PromiseKit/Foundation (6.5.2):
    - PromiseKit/CorePromise
  - PromiseKit/UIKit (6.5.2):
    - PromiseKit/CorePromise
  - Realm (3.11.1):
    - Realm/Headers (= 3.11.1)
  - Realm/Headers (3.11.1)
  - RealmSwift (3.11.1):
    - Realm (= 3.11.1)
  - SkeletonView (1.1.1)

DEPENDENCIES:
  - DZNEmptyDataSet
  - Eureka
  - Kingfisher
  - libHN (from `https://github.com/weiran/libHN`, commit `6759f4ac591f5f36b01158260627ba0bf36eddc1`)
  - OpenGraph
  - PromiseKit
  - RealmSwift
  - SkeletonView

SPEC REPOS:
  https://github.com/cocoapods/specs.git:
    - DZNEmptyDataSet
    - Eureka
    - Kingfisher
    - OpenGraph
    - PromiseKit
    - Realm
    - RealmSwift
    - SkeletonView

EXTERNAL SOURCES:
  libHN:
    :commit: 6759f4ac591f5f36b01158260627ba0bf36eddc1
    :git: https://github.com/weiran/libHN

CHECKOUT OPTIONS:
  libHN:
    :commit: 6759f4ac591f5f36b01158260627ba0bf36eddc1
    :git: https://github.com/weiran/libHN

SPEC CHECKSUMS:
  DZNEmptyDataSet: 9525833b9e68ac21c30253e1d3d7076cc828eaa7
  Eureka: 6d711cb30ca333b4bc893110285a722ae3840114
  Kingfisher: 868c1149679a7ab6869be118faa9b5aed154aaf0
  libHN: fe671e9d39466235239b793f1f0181baadb327b2
  OpenGraph: f3529e35045abd3b163f455278d4d866c0eb061b
  PromiseKit: 27c1601bfb73405871b805bcb8cf7e55c4dad3db
  Realm: 037c5919b9ceb59d6beed5d3b031096856b119b3
  RealmSwift: c9580133e73ef40ed340401af2dbc9a5790dfea7
  SkeletonView: 041053e904504e7d8db83df166e599be75659fe1

PODFILE CHECKSUM: f05e7e4f46292d7ead0bb70d0385112972e7914b

COCOAPODS: 1.6.0.beta.1
